
Microsoft Visual Studio Solution File, Format Version 12.00
# Visual Studio Version 17
VisualStudioVersion = 17.7.34031.279
MinimumVisualStudioVersion = 10.0.40219.1
Project("{FAE04EC0-301F-11D3-BF4B-00C04F79EFBC}") = "api_msg", "api_msg\api_msg.csproj", "{81A762C3-5167-43EE-BBCA-C64308062027}"
EndProject
Global
	GlobalSection(SolutionConfigurationPlatforms) = preSolution
		Debug|Any CPU = Debug|Any CPU
		Release|Any CPU = Release|Any CPU
	EndGlobalSection
	GlobalSection(ProjectConfigurationPlatforms) = postSolution
		{81A762C3-5167-43EE-BBCA-C64308062027}.Debug|Any CPU.ActiveCfg = Debug|Any CPU
		{81A762C3-5167-43EE-BBCA-C64308062027}.Debug|Any CPU.Build.0 = Debug|Any CPU
		{81A762C3-5167-43EE-BBCA-C64308062027}.Release|Any CPU.ActiveCfg = Release|Any CPU
		{81A762C3-5167-43EE-BBCA-C64308062027}.Release|Any CPU.Build.0 = Release|Any CPU
	EndGlobalSection
	GlobalSection(SolutionProperties) = preSolution
		HideSolutionNode = FALSE
	EndGlobalSection
	GlobalSection(ExtensibilityGlobals) = postSolution
		SolutionGuid = {DB4AB492-DE5E-4425-B61B-9E7FBE5D857B}
	EndGlobalSection
EndGlobal
